
Microsoft Visual Studio Solution File, Format Version 12.00
# Visual Studio Version 17
VisualStudioVersion = 17.11.35327.3
MinimumVisualStudioVersion = 10.0.40219.1
Project("{FAE04EC0-301F-11D3-BF4B-00C04F79EFBC}") = "EuroBuld", "EuroBuld\EuroBuld.csproj", "{EB46A43F-A40F-457D-983E-B4B8B2908F1A}"
EndProject
Global
	GlobalSection(SolutionConfigurationPlatforms) = preSolution
		Debug|Any CPU = Debug|Any CPU
		Release|Any CPU = Release|Any CPU
	EndGlobalSection
	GlobalSection(ProjectConfigurationPlatforms) = postSolution
		{EB46A43F-A40F-457D-983E-B4B8B2908F1A}.Debug|Any CPU.ActiveCfg = Debug|Any CPU
		{EB46A43F-A40F-457D-983E-B4B8B2908F1A}.Debug|Any CPU.Build.0 = Debug|Any CPU
		{EB46A43F-A40F-457D-983E-B4B8B2908F1A}.Release|Any CPU.ActiveCfg = Release|Any CPU
		{EB46A43F-A40F-457D-983E-B4B8B2908F1A}.Release|Any CPU.Build.0 = Release|Any CPU
	EndGlobalSection
	GlobalSection(SolutionProperties) = preSolution
		HideSolutionNode = FALSE
	EndGlobalSection
	GlobalSection(ExtensibilityGlobals) = postSolution
		SolutionGuid = {E89A0617-4203-47DE-9071-6067C862A4E1}
	EndGlobalSection
EndGlobal
